{
  "version": 4,
  "terraform_version": "1.3.7",
  "serial": 4,
  "lineage": "4d11c148-78dc-4d06-cb8d-e8f7ebfa0622",
  "outputs": {},
  "resources": [
    {
      "mode": "data",
      "type": "google_iam_policy",
      "name": "datanoauth",
      "provider": "provider[\"registry.terraform.io/hashicorp/google\"]",
      "instances": [
        {
          "schema_version": 0,
          "attributes": {
            "audit_config": null,
            "binding": [
              {
                "condition": [],
                "members": [
                  "allUsers"
                ],
                "role": "roles/run.invoker"
              }
            ],
            "id": "3450855414",
            "policy_data": "{\"bindings\":[{\"members\":[\"allUsers\"],\"role\":\"roles/run.invoker\"}]}"
          },
          "sensitive_attributes": []
        }
      ]
    },
    {
      "mode": "managed",
      "type": "google_cloud_run_service",
      "name": "GcpCDKCloudrunsvc",
      "provider": "provider[\"registry.terraform.io/hashicorp/google\"]",
      "instances": [
        {
          "schema_version": 1,
          "attributes": {
            "autogenerate_revision_name": false,
            "id": "locations/asia-northeast1/namespaces/cdktf-ts-poc/services/gcpcdktfcloudrunsvc2020",
            "location": "asia-northeast1",
            "metadata": [
              {
                "annotations": {
                  "run.googleapis.com/ingress": "all",
                  "run.googleapis.com/ingress-status": "all",
                  "run.googleapis.com/operation-id": "76e1e6e9-d82d-463c-b183-aa17663565c6",
                  "serving.knative.dev/creator": "aaa.1470.333@gmail.com",
                  "serving.knative.dev/lastModifier": "aaa.1470.333@gmail.com"
                },
                "generation": 1,
                "labels": {
                  "cloud.googleapis.com/location": "asia-northeast1"
                },
                "namespace": "cdktf-ts-poc",
                "resource_version": "AAXy6xFYpok",
                "self_link": "/apis/serving.knative.dev/v1/namespaces/427613606/services/gcpcdktfcloudrunsvc2020",
                "uid": "8b01d022-e9b0-454d-a9e2-4b7f139807cf"
              }
            ],
            "name": "gcpcdktfcloudrunsvc2020",
            "project": "cdktf-ts-poc",
            "status": [
              {
                "conditions": [
                  {
                    "message": "",
                    "reason": "",
                    "status": "True",
                    "type": "Ready"
                  },
                  {
                    "message": "",
                    "reason": "",
                    "status": "True",
                    "type": "ConfigurationsReady"
                  },
                  {
                    "message": "",
                    "reason": "",
                    "status": "True",
                    "type": "RoutesReady"
                  }
                ],
                "latest_created_revision_name": "gcpcdktfcloudrunsvc2020-zwfgp",
                "latest_ready_revision_name": "gcpcdktfcloudrunsvc2020-zwfgp",
                "observed_generation": 1,
                "url": "https://gcpcdktfcloudrunsvc2020-2aru2t72dq-an.a.run.app"
              }
            ],
            "template": [
              {
                "metadata": [
                  {
                    "annotations": {
                      "autoscaling.knative.dev/maxScale": "100"
                    },
                    "generation": 0,
                    "labels": {},
                    "name": "",
                    "namespace": "",
                    "resource_version": "",
                    "self_link": "",
                    "uid": ""
                  }
                ],
                "spec": [
                  {
                    "container_concurrency": 80,
                    "containers": [
                      {
                        "args": null,
                        "command": null,
                        "env": [],
                        "env_from": [],
                        "image": "gcr.io/cloudrun/hello",
                        "ports": [
                          {
                            "container_port": 8080,
                            "name": "http1",
                            "protocol": ""
                          }
                        ],
                        "resources": [
                          {
                            "limits": {
                              "cpu": "1000m",
                              "memory": "512Mi"
                            },
                            "requests": {}
                          }
                        ],
                        "volume_mounts": [],
                        "working_dir": ""
                      }
                    ],
                    "service_account_name": "427613606-compute@developer.gserviceaccount.com",
                    "serving_state": "",
                    "timeout_seconds": 300,
                    "volumes": []
                  }
                ]
              }
            ],
            "timeouts": null,
            "traffic": [
              {
                "latest_revision": true,
                "percent": 100,
                "revision_name": "",
                "tag": "",
                "url": ""
              }
            ]
          },
          "sensitive_attributes": [],
          "private": "eyJlMmJmYjczMC1lY2FhLTExZTYtOGY4OC0zNDM2M2JjN2M0YzAiOnsiY3JlYXRlIjoxMjAwMDAwMDAwMDAwLCJkZWxldGUiOjEyMDAwMDAwMDAwMDAsInVwZGF0ZSI6MTIwMDAwMDAwMDAwMH0sInNjaGVtYV92ZXJzaW9uIjoiMSJ9"
        }
      ]
    },
    {
      "mode": "managed",
      "type": "google_cloud_run_service_iam_policy",
      "name": "runsvciampolicy",
      "provider": "provider[\"registry.terraform.io/hashicorp/google\"]",
      "instances": [
        {
          "schema_version": 0,
          "attributes": {
            "etag": "BwXy6xGKL24=",
            "id": "v1/projects/cdktf-ts-poc/locations/asia-northeast1/services/gcpcdktfcloudrunsvc2020",
            "location": "asia-northeast1",
            "policy_data": "{\"bindings\":[{\"members\":[\"allUsers\"],\"role\":\"roles/run.invoker\"}]}",
            "project": "cdktf-ts-poc",
            "service": "v1/projects/cdktf-ts-poc/locations/asia-northeast1/services/gcpcdktfcloudrunsvc2020"
          },
          "sensitive_attributes": [],
          "private": "bnVsbA==",
          "dependencies": [
            "data.google_iam_policy.datanoauth",
            "google_cloud_run_service.GcpCDKCloudrunsvc"
          ]
        }
      ]
    }
  ],
  "check_results": null
}
